
Microsoft Visual Studio Solution File, Format Version 12.00
# Visual Studio 15
VisualStudioVersion = 15.0.27428.2037
MinimumVisualStudioVersion = 10.0.40219.1
Project("{2150E333-8FDC-42A3-9474-1A3956D46DE8}") = "src", "src", "{D21FC30C-A5A6-4193-B2D4-9BDB018AA7AF}"
EndProject
Project("{9A19103F-16F7-4668-BE54-9A1E7A4F7556}") = "DynDnsDistributor", "src\DynDnsDistributor\DynDnsDistributor.csproj", "{6774C56C-9C02-4D96-990B-E25C3E4DE40E}"
EndProject
Project("{2150E333-8FDC-42A3-9474-1A3956D46DE8}") = "Solution Items", "Solution Items", "{EBE3801D-FBF2-4867-B668-9CAFCEB3C883}"
	ProjectSection(SolutionItems) = preProject
		.dockerignore = .dockerignore
		.gitignore = .gitignore
		Dockerfile = Dockerfile
		README.md = README.md
	EndProjectSection
EndProject
Global
	GlobalSection(SolutionConfigurationPlatforms) = preSolution
		Debug|Any CPU = Debug|Any CPU
		Release|Any CPU = Release|Any CPU
	EndGlobalSection
	GlobalSection(ProjectConfigurationPlatforms) = postSolution
		{6774C56C-9C02-4D96-990B-E25C3E4DE40E}.Debug|Any CPU.ActiveCfg = Debug|Any CPU
		{6774C56C-9C02-4D96-990B-E25C3E4DE40E}.Debug|Any CPU.Build.0 = Debug|Any CPU
		{6774C56C-9C02-4D96-990B-E25C3E4DE40E}.Release|Any CPU.ActiveCfg = Release|Any CPU
		{6774C56C-9C02-4D96-990B-E25C3E4DE40E}.Release|Any CPU.Build.0 = Release|Any CPU
	EndGlobalSection
	GlobalSection(SolutionProperties) = preSolution
		HideSolutionNode = FALSE
	EndGlobalSection
	GlobalSection(NestedProjects) = preSolution
		{6774C56C-9C02-4D96-990B-E25C3E4DE40E} = {D21FC30C-A5A6-4193-B2D4-9BDB018AA7AF}
	EndGlobalSection
	GlobalSection(ExtensibilityGlobals) = postSolution
		SolutionGuid = {BB546A6E-C4D5-486A-9523-9597F16615F7}
	EndGlobalSection
EndGlobal
